<?xml version="1.0" encoding="utf-8"?>
<Project ToolsVersion="4.0" xmlns="http://schemas.microsoft.com/developer/msbuild/2003">
  <ItemGroup>
    <Filter Include="Header">
      <UniqueIdentifier>{22281953-87b8-4609-ba87-0f363816e03f}</UniqueIdentifier>
    </Filter>
    <Filter Include="Source">
      <UniqueIdentifier>{1836dea5-dccf-4614-9090-402bfaf22c24}</UniqueIdentifier>
    </Filter>
  </ItemGroup>
  <ItemGroup>
    <ClCompile Include="..\..\client.c">
      <Filter>Source</Filter>
    </ClCompile>
    <ClCompile Include="..\..\connection_demux.c">
      <Filter>Source</Filter>
    </ClCompile>
    <ClCompile Include="..\..\mysock.c">
      <Filter>Source</Filter>
    </ClCompile>
    <ClCompile Include="..\..\mysock_api.c">
      <Filter>Source</Filter>
    </ClCompile>
    <ClCompile Include="..\..\network.c">
      <Filter>Source</Filter>
    </ClCompile>
    <ClCompile Include="..\..\network_io.c">
      <Filter>Source</Filter>
    </ClCompile>
    <ClCompile Include="..\..\network_io_socket.c">
      <Filter>Source</Filter>
    </ClCompile>
    <ClCompile Include="..\..\network_io_tcp.c">
      <Filter>Source</Filter>
    </ClCompile>
    <ClCompile Include="..\..\server.c">
      <Filter>Source</Filter>
    </ClCompile>
    <ClCompile Include="..\..\stcp_api.c">
      <Filter>Source</Filter>
    </ClCompile>
    <ClCompile Include="..\..\tcp_sum.c">
      <Filter>Source</Filter>
    </ClCompile>
    <ClCompile Include="..\..\transport.c">
      <Filter>Source</Filter>
    </ClCompile>
  </ItemGroup>
  <ItemGroup>
    <ClInclude Include="..\..\connection_demux.h">
      <Filter>Header</Filter>
    </ClInclude>
    <ClInclude Include="..\..\mysock.h">
      <Filter>Header</Filter>
    </ClInclude>
    <ClInclude Include="..\..\mysock_hash.h">
      <Filter>Header</Filter>
    </ClInclude>
    <ClInclude Include="..\..\mysock_impl.h">
      <Filter>Header</Filter>
    </ClInclude>
    <ClInclude Include="..\..\network.h">
      <Filter>Header</Filter>
    </ClInclude>
    <ClInclude Include="..\..\network_io.h">
      <Filter>Header</Filter>
    </ClInclude>
    <ClInclude Include="..\..\network_io_socket.h">
      <Filter>Header</Filter>
    </ClInclude>
    <ClInclude Include="..\..\stcp_api.h">
      <Filter>Header</Filter>
    </ClInclude>
    <ClInclude Include="..\..\tcp_sum.h">
      <Filter>Header</Filter>
    </ClInclude>
    <ClInclude Include="..\..\transport.h">
      <Filter>Header</Filter>
    </ClInclude>
  </ItemGroup>
</Project>